
Microsoft Visual Studio Solution File, Format Version 12.00
# Visual Studio Version 16
VisualStudioVersion = 16.0.30225.117
MinimumVisualStudioVersion = 10.0.40219.1
Project("{FAE04EC0-301F-11D3-BF4B-00C04F79EFBC}") = "Edider_Anket_Proje", "Edider_Anket_Proje\Edider_Anket_Proje.csproj", "{915B970E-A708-4C1C-88F3-6425203F6019}"
EndProject
Global
	GlobalSection(SolutionConfigurationPlatforms) = preSolution
		Debug|Any CPU = Debug|Any CPU
		Release|Any CPU = Release|Any CPU
	EndGlobalSection
	GlobalSection(ProjectConfigurationPlatforms) = postSolution
		{915B970E-A708-4C1C-88F3-6425203F6019}.Debug|Any CPU.ActiveCfg = Debug|Any CPU
		{915B970E-A708-4C1C-88F3-6425203F6019}.Debug|Any CPU.Build.0 = Debug|Any CPU
		{915B970E-A708-4C1C-88F3-6425203F6019}.Release|Any CPU.ActiveCfg = Release|Any CPU
		{915B970E-A708-4C1C-88F3-6425203F6019}.Release|Any CPU.Build.0 = Release|Any CPU
	EndGlobalSection
	GlobalSection(SolutionProperties) = preSolution
		HideSolutionNode = FALSE
	EndGlobalSection
	GlobalSection(ExtensibilityGlobals) = postSolution
		SolutionGuid = {A62C336A-D4BA-435C-9C60-E0CFCF0893F6}
	EndGlobalSection
EndGlobal
